
Microsoft Visual Studio Solution File, Format Version 12.00
# Visual Studio Version 17
VisualStudioVersion = 17.13.35931.197 d17.13
MinimumVisualStudioVersion = 10.0.40219.1
Project("{FAE04EC0-301F-11D3-BF4B-00C04F79EFBC}") = "Lab05", "Lab05\Lab05.csproj", "{B5ED3D7C-7C3A-4C04-9D46-0A7E4119FCB2}"
EndProject
Global
	GlobalSection(SolutionConfigurationPlatforms) = preSolution
		Debug|Any CPU = Debug|Any CPU
		Release|Any CPU = Release|Any CPU
	EndGlobalSection
	GlobalSection(ProjectConfigurationPlatforms) = postSolution
		{B5ED3D7C-7C3A-4C04-9D46-0A7E4119FCB2}.Debug|Any CPU.ActiveCfg = Debug|Any CPU
		{B5ED3D7C-7C3A-4C04-9D46-0A7E4119FCB2}.Debug|Any CPU.Build.0 = Debug|Any CPU
		{B5ED3D7C-7C3A-4C04-9D46-0A7E4119FCB2}.Release|Any CPU.ActiveCfg = Release|Any CPU
		{B5ED3D7C-7C3A-4C04-9D46-0A7E4119FCB2}.Release|Any CPU.Build.0 = Release|Any CPU
	EndGlobalSection
	GlobalSection(SolutionProperties) = preSolution
		HideSolutionNode = FALSE
	EndGlobalSection
	GlobalSection(ExtensibilityGlobals) = postSolution
		SolutionGuid = {4B382694-60D9-4511-80CF-79B384701C8F}
	EndGlobalSection
EndGlobal
